
Microsoft Visual Studio Solution File, Format Version 12.00
# Visual Studio Version 16
VisualStudioVersion = 16.0.30523.141
MinimumVisualStudioVersion = 10.0.40219.1
Project("{9A19103F-16F7-4668-BE54-9A1E7A4F7556}") = "GPIOProjects", "GPIOProjects\GPIOProjects.csproj", "{856FE8C4-699A-4270-A670-06823370B70E}"
EndProject
Project("{9A19103F-16F7-4668-BE54-9A1E7A4F7556}") = "GPIOInterfaces", "GPIOInterfaces\GPIOInterfaces.csproj", "{C719DA85-E067-41C9-940F-643752F452B6}"
EndProject
Project("{9A19103F-16F7-4668-BE54-9A1E7A4F7556}") = "GPIOModels", "GPIOModels\GPIOModels.csproj", "{1141D7F4-A03D-4CBB-81ED-9D5C2FF905FB}"
EndProject
Project("{9A19103F-16F7-4668-BE54-9A1E7A4F7556}") = "GPIOConsoleRunner", "GPIOConsoleRunner\GPIOConsoleRunner.csproj", "{CEEB281D-16F4-4772-BC40-C518BDBF20A1}"
EndProject
Project("{FAE04EC0-301F-11D3-BF4B-00C04F79EFBC}") = "GPIOWebRunner", "GPIOWebRunner\GPIOWebRunner.csproj", "{B6A3F529-5000-457E-9BEE-46488EEF612C}"
EndProject
Project("{FAE04EC0-301F-11D3-BF4B-00C04F79EFBC}") = "GPIORunner", "GPIORunner\GPIORunner.csproj", "{53FF877D-2C84-4D64-A650-7FCD6720BCBE}"
EndProject
Global
	GlobalSection(SolutionConfigurationPlatforms) = preSolution
		Debug|Any CPU = Debug|Any CPU
		Release|Any CPU = Release|Any CPU
	EndGlobalSection
	GlobalSection(ProjectConfigurationPlatforms) = postSolution
		{856FE8C4-699A-4270-A670-06823370B70E}.Debug|Any CPU.ActiveCfg = Debug|Any CPU
		{856FE8C4-699A-4270-A670-06823370B70E}.Debug|Any CPU.Build.0 = Debug|Any CPU
		{856FE8C4-699A-4270-A670-06823370B70E}.Release|Any CPU.ActiveCfg = Release|Any CPU
		{856FE8C4-699A-4270-A670-06823370B70E}.Release|Any CPU.Build.0 = Release|Any CPU
		{C719DA85-E067-41C9-940F-643752F452B6}.Debug|Any CPU.ActiveCfg = Debug|Any CPU
		{C719DA85-E067-41C9-940F-643752F452B6}.Debug|Any CPU.Build.0 = Debug|Any CPU
		{C719DA85-E067-41C9-940F-643752F452B6}.Release|Any CPU.ActiveCfg = Release|Any CPU
		{C719DA85-E067-41C9-940F-643752F452B6}.Release|Any CPU.Build.0 = Release|Any CPU
		{1141D7F4-A03D-4CBB-81ED-9D5C2FF905FB}.Debug|Any CPU.ActiveCfg = Debug|Any CPU
		{1141D7F4-A03D-4CBB-81ED-9D5C2FF905FB}.Debug|Any CPU.Build.0 = Debug|Any CPU
		{1141D7F4-A03D-4CBB-81ED-9D5C2FF905FB}.Release|Any CPU.ActiveCfg = Release|Any CPU
		{1141D7F4-A03D-4CBB-81ED-9D5C2FF905FB}.Release|Any CPU.Build.0 = Release|Any CPU
		{CEEB281D-16F4-4772-BC40-C518BDBF20A1}.Debug|Any CPU.ActiveCfg = Debug|Any CPU
		{CEEB281D-16F4-4772-BC40-C518BDBF20A1}.Debug|Any CPU.Build.0 = Debug|Any CPU
		{CEEB281D-16F4-4772-BC40-C518BDBF20A1}.Release|Any CPU.ActiveCfg = Release|Any CPU
		{CEEB281D-16F4-4772-BC40-C518BDBF20A1}.Release|Any CPU.Build.0 = Release|Any CPU
		{B6A3F529-5000-457E-9BEE-46488EEF612C}.Debug|Any CPU.ActiveCfg = Debug|Any CPU
		{B6A3F529-5000-457E-9BEE-46488EEF612C}.Debug|Any CPU.Build.0 = Debug|Any CPU
		{B6A3F529-5000-457E-9BEE-46488EEF612C}.Release|Any CPU.ActiveCfg = Release|Any CPU
		{B6A3F529-5000-457E-9BEE-46488EEF612C}.Release|Any CPU.Build.0 = Release|Any CPU
		{53FF877D-2C84-4D64-A650-7FCD6720BCBE}.Debug|Any CPU.ActiveCfg = Debug|Any CPU
		{53FF877D-2C84-4D64-A650-7FCD6720BCBE}.Debug|Any CPU.Build.0 = Debug|Any CPU
		{53FF877D-2C84-4D64-A650-7FCD6720BCBE}.Release|Any CPU.ActiveCfg = Release|Any CPU
		{53FF877D-2C84-4D64-A650-7FCD6720BCBE}.Release|Any CPU.Build.0 = Release|Any CPU
	EndGlobalSection
	GlobalSection(SolutionProperties) = preSolution
		HideSolutionNode = FALSE
	EndGlobalSection
	GlobalSection(ExtensibilityGlobals) = postSolution
		SolutionGuid = {7F48BED3-21CC-49C0-B29D-F832A58FE8EE}
	EndGlobalSection
EndGlobal
